
Microsoft Visual Studio Solution File, Format Version 12.00
# Visual Studio 15
VisualStudioVersion = 15.0.28307.421
MinimumVisualStudioVersion = 10.0.40219.1
Project("{FAE04EC0-301F-11D3-BF4B-00C04F79EFBC}") = "ReadToPdfSendToMail", "ReadToPdfSendToMail\ReadToPdfSendToMail.csproj", "{016FCC81-5247-495B-B71D-1AB109F58E3F}"
EndProject
Global
	GlobalSection(SolutionConfigurationPlatforms) = preSolution
		Debug|Any CPU = Debug|Any CPU
		Release|Any CPU = Release|Any CPU
	EndGlobalSection
	GlobalSection(ProjectConfigurationPlatforms) = postSolution
		{016FCC81-5247-495B-B71D-1AB109F58E3F}.Debug|Any CPU.ActiveCfg = Debug|Any CPU
		{016FCC81-5247-495B-B71D-1AB109F58E3F}.Debug|Any CPU.Build.0 = Debug|Any CPU
		{016FCC81-5247-495B-B71D-1AB109F58E3F}.Release|Any CPU.ActiveCfg = Release|Any CPU
		{016FCC81-5247-495B-B71D-1AB109F58E3F}.Release|Any CPU.Build.0 = Release|Any CPU
	EndGlobalSection
	GlobalSection(SolutionProperties) = preSolution
		HideSolutionNode = FALSE
	EndGlobalSection
	GlobalSection(ExtensibilityGlobals) = postSolution
		SolutionGuid = {F53F0C9E-D560-4E34-8265-E1624A9CF13C}
	EndGlobalSection
EndGlobal
